lockfileVersion: 5.3

specifiers:
  '@vitejs/plugin-vue': ^1.9.3
  typescript: ^4.4.3
  vite: ^2.6.4
  vue: ^3.2.16
  vue-tsc: ^0.3.0

dependencies:
  vue: 3.2.22

devDependencies:
  '@vitejs/plugin-vue': 1.9.4_vite@2.6.14
  typescript: 4.5.2
  vite: 2.6.14
  vue-tsc: 0.3.0_typescript@4.5.2

packages:

  /@babel/helper-validator-identifier/7.15.7:
    resolution: {integrity: sha1-Ig35k7/pBKSmsCq08zhaXr9uI4k=}
    engines: {node: '>=6.9.0'}
    dev: true

  /@babel/parser/7.16.4:
    resolution: {integrity: sha1-1fkvV88sdP/ps3mBwOcv7nMRNy4=}
    engines: {node: '>=6.0.0'}
    hasBin: true

  /@babel/types/7.16.0:
    resolution: {integrity: sha1-2zsxOAT5aq3Qt3bEgj4SetZyibo=}
    engines: {node: '>=6.9.0'}
    dependencies:
      '@babel/helper-validator-identifier': 7.15.7
      to-fast-properties: 2.0.0
    dev: true

  /@emmetio/abbreviation/2.2.2:
    resolution: {integrity: sha1-dGdi/Z56jC6mBPWAxi48/iUOaYk=}
    dependencies:
      '@emmetio/scanner': 1.0.0
    dev: true

  /@emmetio/css-abbreviation/2.1.4:
    resolution: {integrity: sha1-kDYuihEizjt29sMVeQfTAYL1P1Q=}
    dependencies:
      '@emmetio/scanner': 1.0.0
    dev: true

  /@emmetio/scanner/1.0.0:
    resolution: {integrity: sha1-Blsq9iM/50dNRII+PeuJckr0K18=}
    dev: true

  /@vitejs/plugin-vue/1.9.4_vite@2.6.14:
    resolution: {integrity: sha1-T0hIVDLLuYap+50lTcM84w3cy/o=}
    engines: {node: '>=12.0.0'}
    peerDependencies:
      vite: ^2.5.10
    dependencies:
      vite: 2.6.14
    dev: true

  /@volar/code-gen/0.27.24:
    resolution: {integrity: sha1-zNvoWJUcHuTgw5eSMtUkEtxGdWo=}
    dependencies:
      '@volar/shared': 0.27.24
      '@volar/source-map': 0.27.24
    dev: true

  /@volar/html2pug/0.27.13:
    resolution: {integrity: sha1-SN+nPs8e8ZVaAqBG0MiIRZUPrIU=}
    dependencies:
      domelementtype: 2.2.0
      domhandler: 4.2.2
      htmlparser2: 6.1.0
      pug: 3.0.2
    dev: true

  /@volar/shared/0.27.24:
    resolution: {integrity: sha1-ozRX7IrAsNNn7VTJ4hkTpfjC1sI=}
    dependencies:
      upath: 2.0.1
      vscode-jsonrpc: 8.0.0-next.3
      vscode-uri: 3.0.2
    dev: true

  /@volar/source-map/0.27.24:
    resolution: {integrity: sha1-YPLgcMFpvoLL9/+ilqMMKCPFIF8=}
    dependencies:
      '@volar/shared': 0.27.24
    dev: true

  /@volar/transforms/0.27.24:
    resolution: {integrity: sha1-aOvFPcouNohOJHwIZuw9JO2BV4Q=}
    dependencies:
      '@volar/shared': 0.27.24
      vscode-languageserver: 8.0.0-next.3
    dev: true

  /@vscode/emmet-helper/2.8.2:
    resolution: {integrity: sha1-myzk/dYs8/2kXPivZ8ASz85V7ck=}
    dependencies:
      emmet: 2.3.4
      jsonc-parser: 2.3.1
      vscode-languageserver-textdocument: 1.0.2
      vscode-languageserver-types: 3.16.0
      vscode-nls: 5.0.0
      vscode-uri: 2.1.2
    dev: true

  /@vue/compiler-core/3.2.22:
    resolution: {integrity: sha1-Xj07mDzH9DDdvGqHc8hy3PQQ3Ik=}
    dependencies:
      '@babel/parser': 7.16.4
      '@vue/shared': 3.2.22
      estree-walker: 2.0.2
      source-map: 0.6.1

  /@vue/compiler-dom/3.2.22:
    resolution: {integrity: sha1-IhzDWKbAZRwE4d0iqEcLIeVu4aU=}
    dependencies:
      '@vue/compiler-core': 3.2.22
      '@vue/shared': 3.2.22

  /@vue/compiler-sfc/3.2.22:
    resolution: {integrity: sha1-/9Dl41R5tq3hjRL+/sNpy68vdxg=}
    dependencies:
      '@babel/parser': 7.16.4
      '@vue/compiler-core': 3.2.22
      '@vue/compiler-dom': 3.2.22
      '@vue/compiler-ssr': 3.2.22
      '@vue/ref-transform': 3.2.22
      '@vue/shared': 3.2.22
      estree-walker: 2.0.2
      magic-string: 0.25.7
      postcss: 8.3.11
      source-map: 0.6.1
    dev: false

  /@vue/compiler-ssr/3.2.22:
    resolution: {integrity: sha1-I1UsMbdrRbr18kRxPIHXerWUR9I=}
    dependencies:
      '@vue/compiler-dom': 3.2.22
      '@vue/shared': 3.2.22
    dev: false

  /@vue/reactivity/3.2.22:
    resolution: {integrity: sha1-iGVcC0/rxWETbmVQ4ykDn4YMqgo=}
    dependencies:
      '@vue/shared': 3.2.22

  /@vue/ref-transform/3.2.22:
    resolution: {integrity: sha1-FrA5lOrHFSjM7/TPdheO2bRKyQo=}
    dependencies:
      '@babel/parser': 7.16.4
      '@vue/compiler-core': 3.2.22
      '@vue/shared': 3.2.22
      estree-walker: 2.0.2
      magic-string: 0.25.7
    dev: false

  /@vue/runtime-core/3.2.22:
    resolution: {integrity: sha1-ER8byX8gJJ4FyiGJhW2ZyC1y3jI=}
    dependencies:
      '@vue/reactivity': 3.2.22
      '@vue/shared': 3.2.22
    dev: false

  /@vue/runtime-dom/3.2.22:
    resolution: {integrity: sha1-wR113VE3XuTHTjOfZSPKBeN/qjc=}
    dependencies:
      '@vue/runtime-core': 3.2.22
      '@vue/shared': 3.2.22
      csstype: 2.6.18
    dev: false

  /@vue/server-renderer/3.2.22_vue@3.2.22:
    resolution: {integrity: sha1-BJyRpJXLD82sAt7EhcMcuZQQiF8=}
    peerDependencies:
      vue: 3.2.22
    dependencies:
      '@vue/compiler-ssr': 3.2.22
      '@vue/shared': 3.2.22
      vue: 3.2.22
    dev: false

  /@vue/shared/3.2.22:
    resolution: {integrity: sha1-Jty+XlMPbB8t5cqa6rkqsA9SO0E=}

  /acorn/7.4.1:
    resolution: {integrity: sha1-/q7SVZc9LndVW4PbwIhRpsY1IPo=}
    engines: {node: '>=0.4.0'}
    hasBin: true
    dev: true

  /asap/2.0.6:
    resolution: {integrity: sha1-5QNHYR1+aQlDIIu9r+vLwvuGbUY=}
    dev: true

  /assert-never/1.2.1:
    resolution: {integrity: sha1-EfDjY78UYgX7CBk7XHuQ9NHPRP4=}
    dev: true

  /babel-walk/3.0.0-canary-5:
    resolution: {integrity: sha1-9m7Ncpg1eu5ElV8jWm71QhkQSxE=}
    engines: {node: '>= 10.0.0'}
    dependencies:
      '@babel/types': 7.16.0
    dev: true

  /call-bind/1.0.2:
    resolution: {integrity: sha1-sdTonmiBGcPJqQOtMKuy9qkZvjw=}
    dependencies:
      function-bind: 1.1.1
      get-intrinsic: 1.1.1
    dev: true

  /character-parser/2.2.0:
    resolution: {integrity: sha1-x84o821LzZdE5f/CxfzeHHMmH8A=}
    dependencies:
      is-regex: 1.1.4
    dev: true

  /constantinople/4.0.1:
    resolution: {integrity: sha512-vCrqcSIq4//Gx74TXXCGnHpulY1dskqLTFGDmhrGxzeXL8lF8kvXv6mpNWlJj1uD4DW23D4ljAqbY4RRaaUZIw==}
    dependencies:
      '@babel/parser': 7.16.4
      '@babel/types': 7.16.0
    dev: true

  /csstype/2.6.18:
    resolution: {integrity: sha1-mAqLUwhfNK8xNBCvBk8r0kF4Qhg=}
    dev: false

  /doctypes/1.1.0:
    resolution: {integrity: sha1-6oCxBqh1OHdOijpKWv4pPeSJ4Kk=}
    dev: true

  /dom-serializer/1.3.2:
    resolution: {integrity: sha1-YgZDfTLO767HFhgDIwx6ILwbTZE=}
    dependencies:
      domelementtype: 2.2.0
      domhandler: 4.2.2
      entities: 2.2.0
    dev: true

  /domelementtype/2.2.0:
    resolution: {integrity: sha1-mgtsJ4LtahxzI9QiZxg9+b2LHVc=}
    dev: true

  /domhandler/4.2.2:
    resolution: {integrity: sha1-6CXXIdGahrjCAaNSZOImxnjudV8=}
    engines: {node: '>= 4'}
    dependencies:
      domelementtype: 2.2.0
    dev: true

  /domutils/2.8.0:
    resolution: {integrity: sha1-RDfe9dtuLR9dbuhZvZXKfQIEgTU=}
    dependencies:
      dom-serializer: 1.3.2
      domelementtype: 2.2.0
      domhandler: 4.2.2
    dev: true

  /emmet/2.3.4:
    resolution: {integrity: sha1-W6DXpVaaaMdpffqJDHcuTzF50SM=}
    dependencies:
      '@emmetio/abbreviation': 2.2.2
      '@emmetio/css-abbreviation': 2.1.4
    dev: true

  /entities/2.2.0:
    resolution: {integrity: sha1-CY3JDruD2N/6CJ1VJWs1HTTE2lU=}
    dev: true

  /esbuild-android-arm64/0.13.14:
    resolution: {integrity: sha1-yFCD7OJr49Z+bHIOCIloqYQJ4CM=}
    cpu: [arm64]
    os: [android]
    requiresBuild: true
    dev: true
    optional: true

  /esbuild-darwin-64/0.13.14:
    resolution: {integrity: sha1-jk4jethHzFSh06XK7ianRrnwuB8=}
    cpu: [x64]
    os: [darwin]
    requiresBuild: true
    dev: true
    optional: true

  /esbuild-darwin-arm64/0.13.14:
    resolution: {integrity: sha1-s7Xr1AsssG7g9vs0LdS9zKVK0nM=}
    cpu: [arm64]
    os: [darwin]
    requiresBuild: true
    dev: true
    optional: true

  /esbuild-freebsd-64/0.13.14:
    resolution: {integrity: sha1-F17LL6gUFCjPcOotX0wnU0utU+A=}
    cpu: [x64]
    os: [freebsd]
    requiresBuild: true
    dev: true
    optional: true

  /esbuild-freebsd-arm64/0.13.14:
    resolution: {integrity: sha1-p9ZOQdH6WB+Nt3deUgDxjmfXDE0=}
    cpu: [arm64]
    os: [freebsd]
    requiresBuild: true
    dev: true
    optional: true

  /esbuild-linux-32/0.13.14:
    resolution: {integrity: sha1-FL3U9rbP01xlyDWJRlG6M1whF9o=}
    cpu: [ia32]
    os: [linux]
    requiresBuild: true
    dev: true
    optional: true

  /esbuild-linux-64/0.13.14:
    resolution: {integrity: sha1-f9VoUbKYL90M2ER+6YWMLFcRcIo=}
    cpu: [x64]
    os: [linux]
    requiresBuild: true
    dev: true
    optional: true

  /esbuild-linux-arm/0.13.14:
    resolution: {integrity: sha1-u5aplnfmCLMf9h83VkMm046EbKI=}
    cpu: [arm]
    os: [linux]
    requiresBuild: true
    dev: true
    optional: true

  /esbuild-linux-arm64/0.13.14:
    resolution: {integrity: sha1-pVY01wZ5ulCa3q/Wjuu5/R7Fr2w=}
    cpu: [arm64]
    os: [linux]
    requiresBuild: true
    dev: true
    optional: true

  /esbuild-linux-mips64le/0.13.14:
    resolution: {integrity: sha1-alU2Ko/R5ZPeouzEGHe+7YuBhLk=}
    cpu: [mips64el]
    os: [linux]
    requiresBuild: true
    dev: true
    optional: true

  /esbuild-linux-ppc64le/0.13.14:
    resolution: {integrity: sha1-ngBIWH7OCn8YSrFH8g0HcJgEXn8=}
    cpu: [ppc64]
    os: [linux]
    requiresBuild: true
    dev: true
    optional: true

  /esbuild-netbsd-64/0.13.14:
    resolution: {integrity: sha1-3KsWpLvPoW4uhTXa3F9k/ciRxjs=}
    cpu: [x64]
    os: [netbsd]
    requiresBuild: true
    dev: true
    optional: true

  /esbuild-openbsd-64/0.13.14:
    resolution: {integrity: sha1-PHRTsVXrto3DTVrsO9ZQUze92gg=}
    cpu: [x64]
    os: [openbsd]
    requiresBuild: true
    dev: true
    optional: true

  /esbuild-sunos-64/0.13.14:
    resolution: {integrity: sha1-ha3fX+9rXbFUqVXU8uiJUzWddc4=}
    cpu: [x64]
    os: [sunos]
    requiresBuild: true
    dev: true
    optional: true

  /esbuild-windows-32/0.13.14:
    resolution: {integrity: sha1-93+Y8wpcY2xE2yQo7N+by7rtsac=}
    cpu: [ia32]
    os: [win32]
    requiresBuild: true
    dev: true
    optional: true

  /esbuild-windows-64/0.13.14:
    resolution: {integrity: sha1-vHeGdMQNZRUNEjheDyPrOgutvQ0=}
    cpu: [x64]
    os: [win32]
    requiresBuild: true
    dev: true
    optional: true

  /esbuild-windows-arm64/0.13.14:
    resolution: {integrity: sha1-kaja01qyxN0nzYOGB0KVWyWjVNc=}
    cpu: [arm64]
    os: [win32]
    requiresBuild: true
    dev: true
    optional: true

  /esbuild/0.13.14:
    resolution: {integrity: sha1-mKP39CgJq9wrV8hFZdD3EzgtwaU=}
    hasBin: true
    requiresBuild: true
    optionalDependencies:
      esbuild-android-arm64: 0.13.14
      esbuild-darwin-64: 0.13.14
      esbuild-darwin-arm64: 0.13.14
      esbuild-freebsd-64: 0.13.14
      esbuild-freebsd-arm64: 0.13.14
      esbuild-linux-32: 0.13.14
      esbuild-linux-64: 0.13.14
      esbuild-linux-arm: 0.13.14
      esbuild-linux-arm64: 0.13.14
      esbuild-linux-mips64le: 0.13.14
      esbuild-linux-ppc64le: 0.13.14
      esbuild-netbsd-64: 0.13.14
      esbuild-openbsd-64: 0.13.14
      esbuild-sunos-64: 0.13.14
      esbuild-windows-32: 0.13.14
      esbuild-windows-64: 0.13.14
      esbuild-windows-arm64: 0.13.14
    dev: true

  /estree-walker/2.0.2:
    resolution: {integrity: sha1-UvAQF4wqTBF6d1fP6UKtt9LaTKw=}

  /fsevents/2.3.2:
    resolution: {integrity: sha1-ilJveLj99GI7cJ4Ll1xSwkwC/Ro=}
    engines: {node: ^8.16.0 || ^10.6.0 || >=11.0.0}
    os: [darwin]
    requiresBuild: true
    dev: true
    optional: true

  /function-bind/1.1.1:
    resolution: {integrity: sha1-pWiZ0+o8m6uHS7l3O3xe3pL0iV0=}
    dev: true

  /get-intrinsic/1.1.1:
    resolution: {integrity: sha1-FfWfN2+FXERpY5SPDSTNNje0q8Y=}
    dependencies:
      function-bind: 1.1.1
      has: 1.0.3
      has-symbols: 1.0.2
    dev: true

  /has-symbols/1.0.2:
    resolution: {integrity: sha1-Fl0wcMADCXUqEjakeTMeOsVvFCM=}
    engines: {node: '>= 0.4'}
    dev: true

  /has-tostringtag/1.0.0:
    resolution: {integrity: sha1-fhM4GKfTlHNPlB5zw9P5KR5liyU=}
    engines: {node: '>= 0.4'}
    dependencies:
      has-symbols: 1.0.2
    dev: true

  /has/1.0.3:
    resolution: {integrity: sha1-ci18v8H2qoJB8W3YFOAR4fQeh5Y=}
    engines: {node: '>= 0.4.0'}
    dependencies:
      function-bind: 1.1.1
    dev: true

  /htmlparser2/6.1.0:
    resolution: {integrity: sha1-xNditsM3GgXb5l6UrkOp+EX7j7c=}
    dependencies:
      domelementtype: 2.2.0
      domhandler: 4.2.2
      domutils: 2.8.0
      entities: 2.2.0
    dev: true

  /is-core-module/2.8.0:
    resolution: {integrity: sha1-AyEzbD0JJeSX/Zf12VyxFKXM1Ug=}
    dependencies:
      has: 1.0.3
    dev: true

  /is-expression/4.0.0:
    resolution: {integrity: sha1-wzFVliq/IdCv0lUlFNZ9LsFv0qs=}
    dependencies:
      acorn: 7.4.1
      object-assign: 4.1.1
    dev: true

  /is-promise/2.2.2:
    resolution: {integrity: sha512-+lP4/6lKUBfQjZ2pdxThZvLUAafmZb8OAxFb8XXtiQmS35INgr85hdOGoEs124ez1FCnZJt6jau/T+alh58QFQ==}
    dev: true

  /is-regex/1.1.4:
    resolution: {integrity: sha1-7vVmPNWfpMCuM5UFMj32hUuxWVg=}
    engines: {node: '>= 0.4'}
    dependencies:
      call-bind: 1.0.2
      has-tostringtag: 1.0.0
    dev: true

  /js-stringify/1.0.2:
    resolution: {integrity: sha1-Fzb939lyTyijaCrcYjCufk6Weds=}
    dev: true

  /jsonc-parser/2.3.1:
    resolution: {integrity: sha1-WVSRULEz8u+sykj+nOHsBlmvI0I=}
    dev: true

  /jsonc-parser/3.0.0:
    resolution: {integrity: sha1-q914VwHH5+rKip7IzwcMpRp0WiI=}
    dev: true

  /jstransformer/1.0.0:
    resolution: {integrity: sha1-7Yvwkh4vPx7U1cGkT2hwntJHIsM=}
    dependencies:
      is-promise: 2.2.2
      promise: 7.3.1
    dev: true

  /lru-cache/6.0.0:
    resolution: {integrity: sha1-bW/mVw69lqr5D8rR2vo7JWbbOpQ=}
    engines: {node: '>=10'}
    dependencies:
      yallist: 4.0.0
    dev: true

  /magic-string/0.25.7:
    resolution: {integrity: sha512-4CrMT5DOHTDk4HYDlzmwu4FVCcIYI8gauveasrdCu2IKIFOJ3f0v/8MDGJCDL9oD2ppz/Av1b0Nj345H9M+XIA==}
    dependencies:
      sourcemap-codec: 1.4.8
    dev: false

  /nanoid/3.1.30:
    resolution: {integrity: sha1-Y/k8xUjSoRPcXfvGO/oJ4rm2Q2I=}
    engines: {node: ^10 || ^12 || ^13.7 || ^14 || >=15.0.1}
    hasBin: true

  /object-assign/4.1.1:
    resolution: {integrity: sha1-IQmtx5ZYh8/AXLvUQsrIv7s2CGM=}
    engines: {node: '>=0.10.0'}
    dev: true

  /path-parse/1.0.7:
    resolution: {integrity: sha1-+8EUtgykKzDZ2vWFjkvWi77bZzU=}
    dev: true

  /picocolors/1.0.0:
    resolution: {integrity: sha1-y1vcdP8/UYkiNur3nWi8RFZKuBw=}

  /postcss/8.3.11:
    resolution: {integrity: sha1-w77KfqgRzV4cSj7G0udZnvH4+Fg=}
    engines: {node: ^10 || ^12 || >=14}
    dependencies:
      nanoid: 3.1.30
      picocolors: 1.0.0
      source-map-js: 0.6.2

  /promise/7.3.1:
    resolution: {integrity: sha1-BktyYCsY+Q8pGSuLG8QY/9Hr078=}
    dependencies:
      asap: 2.0.6
    dev: true

  /pug-attrs/3.0.0:
    resolution: {integrity: sha1-sQRR4DSBZeMfrRzCPr3dncc0fEE=}
    dependencies:
      constantinople: 4.0.1
      js-stringify: 1.0.2
      pug-runtime: 3.0.1
    dev: true

  /pug-code-gen/3.0.2:
    resolution: {integrity: sha1-rRkPSUMTO/GGtguA3kgxAOEy4s4=}
    dependencies:
      constantinople: 4.0.1
      doctypes: 1.1.0
      js-stringify: 1.0.2
      pug-attrs: 3.0.0
      pug-error: 2.0.0
      pug-runtime: 3.0.1
      void-elements: 3.1.0
      with: 7.0.2
    dev: true

  /pug-error/2.0.0:
    resolution: {integrity: sha1-XGIXPLCcNN4qLOBPF7it/sdNjKU=}
    dev: true

  /pug-filters/4.0.0:
    resolution: {integrity: sha1-0+Sa9bqEcum3pm2YDnB86dLMm14=}
    dependencies:
      constantinople: 4.0.1
      jstransformer: 1.0.0
      pug-error: 2.0.0
      pug-walk: 2.0.0
      resolve: 1.20.0
    dev: true

  /pug-lexer/5.0.1:
    resolution: {integrity: sha1-rkRijFvvmxkLZlaDsojKkCS4sNU=}
    dependencies:
      character-parser: 2.2.0
      is-expression: 4.0.0
      pug-error: 2.0.0
    dev: true

  /pug-linker/4.0.0:
    resolution: {integrity: sha1-EsvAWU/Fo+Brn8Web5PBRpYqdwg=}
    dependencies:
      pug-error: 2.0.0
      pug-walk: 2.0.0
    dev: true

  /pug-load/3.0.0:
    resolution: {integrity: sha1-n9nNpSICsIrbEdJWgfufNL1BtmI=}
    dependencies:
      object-assign: 4.1.1
      pug-walk: 2.0.0
    dev: true

  /pug-parser/6.0.0:
    resolution: {integrity: sha1-qP3ANYY6lbLB3F6/Ts+AtOdqEmA=}
    dependencies:
      pug-error: 2.0.0
      token-stream: 1.0.0
    dev: true

  /pug-runtime/3.0.1:
    resolution: {integrity: sha1-9jaXYgRyPzWoxfb61qzaKhkbg9c=}
    dev: true

  /pug-strip-comments/2.0.0:
    resolution: {integrity: sha1-+UsH/WtJVSMzD0kKf1VLT/h2MD4=}
    dependencies:
      pug-error: 2.0.0
    dev: true

  /pug-walk/2.0.0:
    resolution: {integrity: sha1-QXqrwpIyu0SZtbUGmistKiTV9f4=}
    dev: true

  /pug/3.0.2:
    resolution: {integrity: sha1-81xxBzQ0VOQ7wnrg/3bHMbeOpTU=}
    dependencies:
      pug-code-gen: 3.0.2
      pug-filters: 4.0.0
      pug-lexer: 5.0.1
      pug-linker: 4.0.0
      pug-load: 3.0.0
      pug-parser: 6.0.0
      pug-runtime: 3.0.1
      pug-strip-comments: 2.0.0
    dev: true

  /request-light/0.5.5:
    resolution: {integrity: sha1-JUqws4odshkhcLWZsFGBk04Ukys=}
    dev: true

  /resolve/1.20.0:
    resolution: {integrity: sha1-YpoBP7P3B1XW8LeTXMHCxTeLGXU=}
    dependencies:
      is-core-module: 2.8.0
      path-parse: 1.0.7
    dev: true

  /rollup/2.60.0:
    resolution: {integrity: sha1-TuYKt73QNWdj+H1wmfQT5UYPwZM=}
    engines: {node: '>=10.0.0'}
    hasBin: true
    optionalDependencies:
      fsevents: 2.3.2
    dev: true

  /semver/7.3.5:
    resolution: {integrity: sha1-C2Ich5NI2JmOSw5L6Us/EuYBjvc=}
    engines: {node: '>=10'}
    hasBin: true
    dependencies:
      lru-cache: 6.0.0
    dev: true

  /source-map-js/0.6.2:
    resolution: {integrity: sha1-C7XeYxtBz72mz7qL0FqA79/SOF4=}
    engines: {node: '>=0.10.0'}

  /source-map/0.6.1:
    resolution: {integrity: sha512-UjgapumWlbMhkBgzT7Ykc5YXUT46F0iKu8SGXq0bcwP5dz/h0Plj6enJqjz1Zbq2l5WaqYnrVbwWOWMyF3F47g==}
    engines: {node: '>=0.10.0'}

  /sourcemap-codec/1.4.8:
    resolution: {integrity: sha512-9NykojV5Uih4lgo5So5dtw+f0JgJX30KCNI8gwhz2J9A15wD0Ml6tjHKwf6fTSa6fAdVBdZeNOs9eJ71qCk8vA==}
    dev: false

  /to-fast-properties/2.0.0:
    resolution: {integrity: sha1-3F5pjL0HkmW8c+A3doGk5Og/YW4=}
    engines: {node: '>=4'}
    dev: true

  /token-stream/1.0.0:
    resolution: {integrity: sha1-zCAOqyYT9BZtJ/+a/HylbUnfbrQ=}
    dev: true

  /typescript/4.5.2:
    resolution: {integrity: sha1-isH7qfUiVv2wb7ieQSL6ajRsKZg=}
    engines: {node: '>=4.2.0'}
    hasBin: true
    dev: true

  /upath/2.0.1:
    resolution: {integrity: sha1-UMc96mjW9rmQ9R0nnOYIFmXWGos=}
    engines: {node: '>=4'}
    dev: true

  /vite/2.6.14:
    resolution: {integrity: sha1-NcCaFeTfgjQQgZoqI5qxHvsYYnE=}
    engines: {node: '>=12.2.0'}
    hasBin: true
    peerDependencies:
      less: '*'
      sass: '*'
      stylus: '*'
    peerDependenciesMeta:
      less:
        optional: true
      sass:
        optional: true
      stylus:
        optional: true
    dependencies:
      esbuild: 0.13.14
      postcss: 8.3.11
      resolve: 1.20.0
      rollup: 2.60.0
    optionalDependencies:
      fsevents: 2.3.2
    dev: true

  /void-elements/3.1.0:
    resolution: {integrity: sha1-YU9/v42AHwu18GYfWy9XhXUOTwk=}
    engines: {node: '>=0.10.0'}
    dev: true

  /vscode-css-languageservice/5.1.8:
    resolution: {integrity: sha1-Nss4l4j/wtXmYw/8hOVe44+KIzg=}
    dependencies:
      vscode-languageserver-textdocument: 1.0.2
      vscode-languageserver-types: 3.16.0
      vscode-nls: 5.0.0
      vscode-uri: 3.0.2
    dev: true

  /vscode-html-languageservice/4.1.1:
    resolution: {integrity: sha1-k3Ocnz0MEsgkm60j9QBYUMKJ7Dg=}
    dependencies:
      vscode-languageserver-textdocument: 1.0.2
      vscode-languageserver-types: 3.16.0
      vscode-nls: 5.0.0
      vscode-uri: 3.0.2
    dev: true

  /vscode-json-languageservice/4.1.10:
    resolution: {integrity: sha1-XVcp/E8+AvQVmeAQRSOhh3wl8Ps=}
    dependencies:
      jsonc-parser: 3.0.0
      vscode-languageserver-textdocument: 1.0.2
      vscode-languageserver-types: 3.16.0
      vscode-nls: 5.0.0
      vscode-uri: 3.0.2
    dev: true

  /vscode-jsonrpc/8.0.0-next.3:
    resolution: {integrity: sha1-tV7f8OVQsD84BKreRKyiaZryclU=}
    engines: {node: '>=8.0.0 || >=10.0.0'}
    dev: true

  /vscode-languageserver-protocol/3.17.0-next.9:
    resolution: {integrity: sha1-D9StQ2EclqzYPY2Zjb52Zo9g5gQ=}
    dependencies:
      vscode-jsonrpc: 8.0.0-next.3
      vscode-languageserver-types: 3.17.0-next.4
    dev: true

  /vscode-languageserver-textdocument/1.0.2:
    resolution: {integrity: sha1-L59r1bXrPY4hQkwMNnAJIW8BYjY=}
    dev: true

  /vscode-languageserver-types/3.16.0:
    resolution: {integrity: sha1-7POT/BIexpdLLaPvsxVWRMUU4kc=}
    dev: true

  /vscode-languageserver-types/3.17.0-next.4:
    resolution: {integrity: sha1-9niLN17BY9qLOB8vPj9UfLx/vuw=}
    dev: true

  /vscode-languageserver/8.0.0-next.3:
    resolution: {integrity: sha1-NscBpoROwmlQVTnjuEo3aTdgpS8=}
    hasBin: true
    dependencies:
      vscode-languageserver-protocol: 3.17.0-next.9
    dev: true

  /vscode-nls/5.0.0:
    resolution: {integrity: sha1-mfDaC9nqfNpE5WWnTFSx8rwleEA=}
    dev: true

  /vscode-pug-languageservice/0.27.24:
    resolution: {integrity: sha1-+oBcTT4z3uNoHmYKB2cTZzjmg3A=}
    dependencies:
      '@volar/code-gen': 0.27.24
      '@volar/shared': 0.27.24
      '@volar/source-map': 0.27.24
      '@volar/transforms': 0.27.24
      pug-lexer: 5.0.1
      pug-parser: 6.0.0
      vscode-languageserver: 8.0.0-next.3
    dev: true

  /vscode-typescript-languageservice/0.27.25:
    resolution: {integrity: sha1-rNIRcjtgAQjCVRU4i3XVXOFbsFY=}
    dependencies:
      '@volar/shared': 0.27.24
      semver: 7.3.5
      upath: 2.0.1
      vscode-languageserver: 8.0.0-next.3
      vscode-languageserver-textdocument: 1.0.2
    dev: true

  /vscode-uri/2.1.2:
    resolution: {integrity: sha1-yNQN6T61evMfPHFd1lDiyiwJbxw=}
    dev: true

  /vscode-uri/3.0.2:
    resolution: {integrity: sha1-7P0dBmy470w6II3s26uajCPQVdA=}
    dev: true

  /vscode-vue-languageservice/0.27.30:
    resolution: {integrity: sha1-HzKwID3SM1gvdKRXQoUZpjGPA54=}
    dependencies:
      '@volar/code-gen': 0.27.24
      '@volar/html2pug': 0.27.13
      '@volar/shared': 0.27.24
      '@volar/source-map': 0.27.24
      '@volar/transforms': 0.27.24
      '@vscode/emmet-helper': 2.8.2
      '@vue/compiler-dom': 3.2.22
      '@vue/reactivity': 3.2.22
      '@vue/shared': 3.2.22
      request-light: 0.5.5
      upath: 2.0.1
      vscode-css-languageservice: 5.1.8
      vscode-html-languageservice: 4.1.1
      vscode-json-languageservice: 4.1.10
      vscode-languageserver: 8.0.0-next.3
      vscode-languageserver-textdocument: 1.0.2
      vscode-pug-languageservice: 0.27.24
      vscode-typescript-languageservice: 0.27.25
    dev: true

  /vue-tsc/0.3.0_typescript@4.5.2:
    resolution: {integrity: sha1-Ozhyv08dLkQJtXrb2CYDLiU9tAY=}
    hasBin: true
    peerDependencies:
      typescript: '*'
    dependencies:
      typescript: 4.5.2
      vscode-vue-languageservice: 0.27.30
    dev: true

  /vue/3.2.22:
    resolution: {integrity: sha1-RuTdiemMxLhRrh6zXwDO1BOjS7c=}
    dependencies:
      '@vue/compiler-dom': 3.2.22
      '@vue/compiler-sfc': 3.2.22
      '@vue/runtime-dom': 3.2.22
      '@vue/server-renderer': 3.2.22_vue@3.2.22
      '@vue/shared': 3.2.22
    dev: false

  /with/7.0.2:
    resolution: {integrity: sha1-zO461ULSVTinp6gKrSErmChJW6w=}
    engines: {node: '>= 10.0.0'}
    dependencies:
      '@babel/parser': 7.16.4
      '@babel/types': 7.16.0
      assert-never: 1.2.1
      babel-walk: 3.0.0-canary-5
    dev: true

  /yallist/4.0.0:
    resolution: {integrity: sha512-3wdGidZyq5PB084XLES5TpOSRA3wjXAlIWMhum2kRcv/41Sn2emQ0dycQW4uZXLejwKvg6EsvbdlVL+FYEct7A==}
    dev: true
